dependencies:
  espressif/esp-dsp:
    component_hash: 59a67ce3be799201752ebde99890b0ab947054eff6463d83e944f2d4165d6905
    source:
      service_url: https://api.components.espressif.com/
      type: service
    version: 1.4.4
  idf:
    component_hash: null
    source:
      type: idf
    version: 5.0.2
manifest_hash: 1c2a956562f88dbb4682372296ee9497ceb4a13d8ecd1e49e6be10eca321dd51
target: esp32s3
version: 1.0.0
